// !$*UTF8*$!
{
	archiveVersion = 1;
	classes = {
	};
	objectVersion = 46;
	objects = {

/* Begin PBXBuildFile section */
		93658FB61E0F9B4E00099CAB /* AppDelegate.swift in Sources */ = {isa = PBXBuildFile; fileRef = 93658FB51E0F9B4E00099CAB /* AppDelegate.swift */; };
		93658FB81E0F9B4E00099CAB /* ViewController.swift in Sources */ = {isa = PBXBuildFile; fileRef = 93658FB71E0F9B4E00099CAB /* ViewController.swift */; };
		93658FBB1E0F9B4E00099CAB /* Main.storyboard in Resources */ = {isa = PBXBuildFile; fileRef = 93658FB91E0F9B4E00099CAB /* Main.storyboard */; };
		93658FBD1E0F9B4E00099CAB /* Assets.xcassets in Resources */ = {isa = PBXBuildFile; fileRef = 93658FBC1E0F9B4E00099CAB /* Assets.xcassets */; };
		93658FC01E0F9B4E00099CAB /* LaunchScreen.storyboard in Resources */ = {isa = PBXBuildFile; fileRef = 93658FBE1E0F9B4E00099CAB /* LaunchScreen.storyboard */; };
		93658FC91E0F9B6A00099CAB /* CoreBluetooth.framework in Frameworks */ = {isa = PBXBuildFile; fileRef = 93658FC81E0F9B6A00099CAB /* CoreBluetooth.framework */; };
		93658FCB1E0F9C4600099CAB /* BluetoothController.swift in Sources */ = {isa = PBXBuildFile; fileRef = 93658FCA1E0F9C4600099CAB /* BluetoothController.swift */; };
		93658FCF1E0F9CD700099CAB /* Constants.swift in Sources */ = {isa = PBXBuildFile; fileRef = 93658FCE1E0F9CD700099CAB /* Constants.swift */; };
		ECE8F05F298481FCA1DDDC43 /* Pods_BluetoothPresence.framework in Frameworks */ = {isa = PBXBuildFile; fileRef = 8F082A64BCFCD2EC0416BC95 /* Pods_BluetoothPresence.framework */; };
/* End PBXBuildFile section */

/* Begin PBXFileReference section */
		3A434A34CF07D050F4963095 /* Pods-BluetoothPresence.debug.xcconfig */ = {isa = PBXFileReference; includeInIndex = 1; lastKnownFileType = text.xcconfig; name = "Pods-BluetoothPresence.debug.xcconfig"; path = "Pods/Target Support Files/Pods-BluetoothPresence/Pods-BluetoothPresence.debug.xcconfig"; sourceTree = "<group>"; };
		8F082A64BCFCD2EC0416BC95 /* Pods_BluetoothPresence.framework */ = {isa = PBXFileReference; explicitFileType = wrapper.framework; includeInIndex = 0; path = Pods_BluetoothPresence.framework; sourceTree = BUILT_PRODUCTS_DIR; };
		932AD8371E2D803B00E7A7D5 /* BluetoothPresence-Bridging-Header.h */ = {isa = PBXFileReference; lastKnownFileType = sourcecode.c.h; path = "BluetoothPresence-Bridging-Header.h"; sourceTree = "<group>"; };
		93658FB21E0F9B4E00099CAB /* BluetoothPresence.app */ = {isa = PBXFileReference; explicitFileType = wrapper.application; includeInIndex = 0; path = BluetoothPresence.app; sourceTree = BUILT_PRODUCTS_DIR; };
		93658FB51E0F9B4E00099CAB /* AppDelegate.swift */ = {isa = PBXFileReference; lastKnownFileType = sourcecode.swift; path = AppDelegate.swift; sourceTree = "<group>"; };
		93658FB71E0F9B4E00099CAB /* ViewController.swift */ = {isa = PBXFileReference; lastKnownFileType = sourcecode.swift; path = ViewController.swift; sourceTree = "<group>"; };
		93658FBA1E0F9B4E00099CAB /* Base */ = {isa = PBXFileReference; lastKnownFileType = file.storyboard; name = Base; path = Base.lproj/Main.storyboard; sourceTree = "<group>"; };
		93658FBC1E0F9B4E00099CAB /* Assets.xcassets */ = {isa = PBXFileReference; lastKnownFileType = folder.assetcatalog; path = Assets.xcassets; sourceTree = "<group>"; };
		93658FBF1E0F9B4E00099CAB /* Base */ = {isa = PBXFileReference; lastKnownFileType = file.storyboard; name = Base; path = Base.lproj/LaunchScreen.storyboard; sourceTree = "<group>"; };
		93658FC11E0F9B4E00099CAB /* Info.plist */ = {isa = PBXFileReference; lastKnownFileType = text.plist.xml; path = Info.plist; sourceTree = "<group>"; };
		93658FC81E0F9B6A00099CAB /* CoreBluetooth.framework */ = {isa = PBXFileReference; lastKnownFileType = wrapper.framework; name = CoreBluetooth.framework; path = System/Library/Frameworks/CoreBluetooth.framework; sourceTree = SDKROOT; };
		93658FCA1E0F9C4600099CAB /* BluetoothController.swift */ = {isa = PBXFileReference; fileEncoding = 4; lastKnownFileType = sourcecode.swift; path = BluetoothController.swift; sourceTree = "<group>"; };
		93658FCE1E0F9CD700099CAB /* Constants.swift */ = {isa = PBXFileReference; fileEncoding = 4; lastKnownFileType = sourcecode.swift; path = Constants.swift; sourceTree = "<group>"; };
		9E37E775D58B4A0840141199 /* Pods-BluetoothPresence.release.xcconfig */ = {isa = PBXFileReference; includeInIndex = 1; lastKnownFileType = text.xcconfig; name = "Pods-BluetoothPresence.release.xcconfig"; path = "Pods/Target Support Files/Pods-BluetoothPresence/Pods-BluetoothPresence.release.xcconfig"; sourceTree = "<group>"; };
/* End PBXFileReference section */

/* Begin PBXFrameworksBuildPhase section */
		93658FAF1E0F9B4E00099CAB /* Frameworks */ = {
			isa = PBXFrameworksBuildPhase;
			buildActionMask = 2147483647;
			files = (
				93658FC91E0F9B6A00099CAB /* CoreBluetooth.framework in Frameworks */,
				ECE8F05F298481FCA1DDDC43 /* Pods_BluetoothPresence.framework in Frameworks */,
			);
			runOnlyForDeploymentPostprocessing = 0;
		};
/* End PBXFrameworksBuildPhase section */

/* Begin PBXGroup section */
		93658FA91E0F9B4E00099CAB = {
			isa = PBXGroup;
			children = (
				93658FB41E0F9B4E00099CAB /* BluetoothPresence */,
				93658FB31E0F9B4E00099CAB /* Products */,
				93658FC71E0F9B6A00099CAB /* Frameworks */,
				D4D39165F4CF70C39F9BF88C /* Pods */,
			);
			sourceTree = "<group>";
		};
		93658FB31E0F9B4E00099CAB /* Products */ = {
			isa = PBXGroup;
			children = (
				93658FB21E0F9B4E00099CAB /* BluetoothPresence.app */,
			);
			name = Products;
			sourceTree = "<group>";
		};
		93658FB41E0F9B4E00099CAB /* BluetoothPresence */ = {
			isa = PBXGroup;
			children = (
				93658FB51E0F9B4E00099CAB /* AppDelegate.swift */,
				93658FB71E0F9B4E00099CAB /* ViewController.swift */,
				93658FCA1E0F9C4600099CAB /* BluetoothController.swift */,
				93658FCE1E0F9CD700099CAB /* Constants.swift */,
				93658FCD1E0F9C8300099CAB /* Storyboards */,
				93658FCC1E0F9C7200099CAB /* Supporting Files */,
			);
			path = BluetoothPresence;
			sourceTree = "<group>";
		};
		93658FC71E0F9B6A00099CAB /* Frameworks */ = {
			isa = PBXGroup;
			children = (
				93658FC81E0F9B6A00099CAB /* CoreBluetooth.framework */,
				8F082A64BCFCD2EC0416BC95 /* Pods_BluetoothPresence.framework */,
			);
			name = Frameworks;
			sourceTree = "<group>";
		};
		93658FCC1E0F9C7200099CAB /* Supporting Files */ = {
			isa = PBXGroup;
			children = (
				932AD8371E2D803B00E7A7D5 /* BluetoothPresence-Bridging-Header.h */,
				93658FBC1E0F9B4E00099CAB /* Assets.xcassets */,
				93658FC11E0F9B4E00099CAB /* Info.plist */,
			);
			name = "Supporting Files";
			sourceTree = "<group>";
		};
		93658FCD1E0F9C8300099CAB /* Storyboards */ = {
			isa = PBXGroup;
			children = (
				93658FB91E0F9B4E00099CAB /* Main.storyboard */,
				93658FBE1E0F9B4E00099CAB /* LaunchScreen.storyboard */,
			);
			name = Storyboards;
			sourceTree = "<group>";
		};
		D4D39165F4CF70C39F9BF88C /* Pods */ = {
			isa = PBXGroup;
			children = (
				3A434A34CF07D050F4963095 /* Pods-BluetoothPresence.debug.xcconfig */,
				9E37E775D58B4A0840141199 /* Pods-BluetoothPresence.release.xcconfig */,
			);
			name = Pods;
			sourceTree = "<group>";
		};
/* End PBXGroup section */

/* Begin PBXNativeTarget section */
		93658FB11E0F9B4E00099CAB /* BluetoothPresence */ = {
			isa = PBXNativeTarget;
			buildConfigurationList = 93658FC41E0F9B4E00099CAB /* Build configuration list for PBXNativeTarget "BluetoothPresence" */;
			buildPhases = (
				038745779547816EE3BA75C9 /* [CP] Check Pods Manifest.lock */,
				93658FAE1E0F9B4E00099CAB /* Sources */,
				93658FAF1E0F9B4E00099CAB /* Frameworks */,
				93658FB01E0F9B4E00099CAB /* Resources */,
				A56AD83343A77D632C40AC61 /* [CP] Embed Pods Frameworks */,
				6C8F50EDE5D06FF7E4C891AE /* [CP] Copy Pods Resources */,
			);
			buildRules = (
			);
			dependencies = (
			);
			name = BluetoothPresence;
			productName = BluetoothPresence;
			productReference = 93658FB21E0F9B4E00099CAB /* BluetoothPresence.app */;
			productType = "com.apple.product-type.application";
		};
/* End PBXNativeTarget section */

/* Begin PBXProject section */
		93658FAA1E0F9B4E00099CAB /* Project object */ = {
			isa = PBXProject;
			attributes = {
				LastSwiftUpdateCheck = 0800;
				LastUpgradeCheck = 0820;
				ORGANIZATIONNAME = bcattle;
				TargetAttributes = {
					93658FB11E0F9B4E00099CAB = {
						CreatedOnToolsVersion = 8.0;
						DevelopmentTeam = 2BB96LL2BX;
						LastSwiftMigration = 0820;
						ProvisioningStyle = Automatic;
					};
				};
			};
			buildConfigurationList = 93658FAD1E0F9B4E00099CAB /* Build configuration list for PBXProject "BluetoothPresence" */;
			compatibilityVersion = "Xcode 3.2";
			developmentRegion = English;
			hasScannedForEncodings = 0;
			knownRegions = (
				en,
				Base,
			);
			mainGroup = 93658FA91E0F9B4E00099CAB;
			productRefGroup = 93658FB31E0F9B4E00099CAB /* Products */;
			projectDirPath = "";
			projectRoot = "";
			targets = (
				93658FB11E0F9B4E00099CAB /* BluetoothPresence */,
			);
		};
/* End PBXProject section */

/* Begin PBXResourcesBuildPhase section */
		93658FB01E0F9B4E00099CAB /* Resources */ = {
			isa = PBXResourcesBuildPhase;
			buildActionMask = 2147483647;
			files = (
				93658FC01E0F9B4E00099CAB /* LaunchScreen.storyboard in Resources */,
				93658FBD1E0F9B4E00099CAB /* Assets.xcassets in Resources */,
				93658FBB1E0F9B4E00099CAB /* Main.storyboard in Resources */,
			);
			runOnlyForDeploymentPostprocessing = 0;
		};
/* End PBXResourcesBuildPhase section */

/* Begin PBXShellScriptBuildPhase section */
		038745779547816EE3BA75C9 /* [CP] Check Pods Manifest.lock */ = {
			isa = PBXShellScriptBuildPhase;
			buildActionMask = 2147483647;
			files = (
			);
			inputPaths = (
			);
			name = "[CP] Check Pods Manifest.lock";
			outputPaths = (
			);
			runOnlyForDeploymentPostprocessing = 0;
			shellPath = /bin/sh;
			shellScript = "diff \"${PODS_ROOT}/../Podfile.lock\" \"${PODS_ROOT}/Manifest.lock\" > /dev/null\nif [ $? != 0 ] ; then\n    # print error to STDERR\n    echo \"error: The sandbox is not in sync with the Podfile.lock. Run 'pod install' or update your CocoaPods installation.\" >&2\n    exit 1\nfi\n";
			showEnvVarsInLog = 0;
		};
		6C8F50EDE5D06FF7E4C891AE /* [CP] Copy Pods Resources */ = {
			isa = PBXShellScriptBuildPhase;
			buildActionMask = 2147483647;
			files = (
			);
			inputPaths = (
			);
			name = "[CP] Copy Pods Resources";
			outputPaths = (
			);
			runOnlyForDeploymentPostprocessing = 0;
			shellPath = /bin/sh;
			shellScript = "\"${SRCROOT}/Pods/Target Support Files/Pods-BluetoothPresence/Pods-BluetoothPresence-resources.sh\"\n";
			showEnvVarsInLog = 0;
		};
		A56AD83343A77D632C40AC61 /* [CP] Embed Pods Frameworks */ = {
			isa = PBXShellScriptBuildPhase;
			buildActionMask = 2147483647;
			files = (
			);
			inputPaths = (
			);
			name = "[CP] Embed Pods Frameworks";
			outputPaths = (
			);
			runOnlyForDeploymentPostprocessing = 0;
			shellPath = /bin/sh;
			shellScript = "\"${SRCROOT}/Pods/Target Support Files/Pods-BluetoothPresence/Pods-BluetoothPresence-frameworks.sh\"\n";
			showEnvVarsInLog = 0;
		};
/* End PBXShellScriptBuildPhase section */

/* Begin PBXSourcesBuildPhase section */
		93658FAE1E0F9B4E00099CAB /* Sources */ = {
			isa = PBXSourcesBuildPhase;
			buildActionMask = 2147483647;
			files = (
				93658FB81E0F9B4E00099CAB /* ViewController.swift in Sources */,
				93658FCB1E0F9C4600099CAB /* BluetoothController.swift in Sources */,
				93658FB61E0F9B4E00099CAB /* AppDelegate.swift in Sources */,
				93658FCF1E0F9CD700099CAB /* Constants.swift in Sources */,
			);
			runOnlyForDeploymentPostprocessing = 0;
		};
/* End PBXSourcesBuildPhase section */

/* Begin PBXVariantGroup section */
		93658FB91E0F9B4E00099CAB /* Main.storyboard */ = {
			isa = PBXVariantGroup;
			children = (
				93658FBA1E0F9B4E00099CAB /* Base */,
			);
			name = Main.storyboard;
			sourceTree = "<group>";
		};
		93658FBE1E0F9B4E00099CAB /* LaunchScreen.storyboard */ = {
			isa = PBXVariantGroup;
			children = (
				93658FBF1E0F9B4E00099CAB /* Base */,
			);
			name = LaunchScreen.storyboard;
			sourceTree = "<group>";
		};
/* End PBXVariantGroup section */

/* Begin XCBuildConfiguration section */
		93658FC21E0F9B4E00099CAB /* Debug */ = {
			isa = XCBuildConfiguration;
			buildSettings = {
				ALWAYS_SEARCH_USER_PATHS = NO;
				CLANG_ANALYZER_NONNULL = YES;
				CLANG_CXX_LANGUAGE_STANDARD = "gnu++0x";
				CLANG_CXX_LIBRARY = "libc++";
				CLANG_ENABLE_MODULES = YES;
				CLANG_ENABLE_OBJC_ARC = YES;
				CLANG_WARN_BOOL_CONVERSION = YES;
				CLANG_WARN_CONSTANT_CONVERSION = YES;
				CLANG_WARN_DIRECT_OBJC_ISA_USAGE = YES_ERROR;
				CLANG_WARN_DOCUMENTATION_COMMENTS = YES;
				CLANG_WARN_EMPTY_BODY = YES;
				CLANG_WARN_ENUM_CONVERSION = YES;
				CLANG_WARN_INFINITE_RECURSION = YES;
				CLANG_WARN_INT_CONVERSION = YES;
				CLANG_WARN_OBJC_ROOT_CLASS = YES_ERROR;
				CLANG_WARN_SUSPICIOUS_MOVE = YES;
				CLANG_WARN_SUSPICIOUS_MOVES = YES;
				CLANG_WARN_UNREACHABLE_CODE = YES;
				CLANG_WARN__DUPLICATE_METHOD_MATCH = YES;
				"CODE_SIGN_IDENTITY[sdk=iphoneos*]" = "iPhone Developer";
				COPY_PHASE_STRIP = NO;
				DEBUG_INFORMATION_FORMAT = dwarf;
				ENABLE_STRICT_OBJC_MSGSEND = YES;
				ENABLE_TESTABILITY = YES;
				GCC_C_LANGUAGE_STANDARD = gnu99;
				GCC_DYNAMIC_NO_PIC = NO;
				GCC_NO_COMMON_BLOCKS = YES;
				GCC_OPTIMIZATION_LEVEL = 0;
				GCC_PREPROCESSOR_DEFINITIONS = (
					"DEBUG=1",
					"$(inherited)",
				);
				GCC_WARN_64_TO_32_BIT_CONVERSION = YES;
				GCC_WARN_ABOUT_RETURN_TYPE = YES_ERROR;
				GCC_WARN_UNDECLARED_SELECTOR = YES;
				GCC_WARN_UNINITIALIZED_AUTOS = YES_AGGRESSIVE;
				GCC_WARN_UNUSED_FUNCTION = YES;
				GCC_WARN_UNUSED_VARIABLE = YES;
				IPHONEOS_DEPLOYMENT_TARGET = 10.0;
				MTL_ENABLE_DEBUG_INFO = YES;
				ONLY_ACTIVE_ARCH = YES;
				SDKROOT = iphoneos;
				SWIFT_ACTIVE_COMPILATION_CONDITIONS = DEBUG;
				SWIFT_OPTIMIZATION_LEVEL = "-Onone";
				TARGETED_DEVICE_FAMILY = "1,2";
			};
			name = Debug;
		};
		93658FC31E0F9B4E00099CAB /* Release */ = {
			isa = XCBuildConfiguration;
			buildSettings = {
				ALWAYS_SEARCH_USER_PATHS = NO;
				CLANG_ANALYZER_NONNULL = YES;
				CLANG_CXX_LANGUAGE_STANDARD = "gnu++0x";
				CLANG_CXX_LIBRARY = "libc++";
				CLANG_ENABLE_MODULES = YES;
				CLANG_ENABLE_OBJC_ARC = YES;
				CLANG_WARN_BOOL_CONVERSION = YES;
				CLANG_WARN_CONSTANT_CONVERSION = YES;
				CLANG_WARN_DIRECT_OBJC_ISA_USAGE = YES_ERROR;
				CLANG_WARN_DOCUMENTATION_COMMENTS = YES;
				CLANG_WARN_EMPTY_BODY = YES;
				CLANG_WARN_ENUM_CONVERSION = YES;
				CLANG_WARN_INFINITE_RECURSION = YES;
				CLANG_WARN_INT_CONVERSION = YES;
				CLANG_WARN_OBJC_ROOT_CLASS = YES_ERROR;
				CLANG_WARN_SUSPICIOUS_MOVE = YES;
				CLANG_WARN_SUSPICIOUS_MOVES = YES;
				CLANG_WARN_UNREACHABLE_CODE = YES;
				CLANG_WARN__DUPLICATE_METHOD_MATCH = YES;
				"CODE_SIGN_IDENTITY[sdk=iphoneos*]" = "iPhone Developer";
				COPY_PHASE_STRIP = NO;
				DEBUG_INFORMATION_FORMAT = "dwarf-with-dsym";
				ENABLE_NS_ASSERTIONS = NO;
				ENABLE_STRICT_OBJC_MSGSEND = YES;
				GCC_C_LANGUAGE_STANDARD = gnu99;
				GCC_NO_COMMON_BLOCKS = YES;
				GCC_WARN_64_TO_32_BIT_CONVERSION = YES;
				GCC_WARN_ABOUT_RETURN_TYPE = YES_ERROR;
				GCC_WARN_UNDECLARED_SELECTOR = YES;
				GCC_WARN_UNINITIALIZED_AUTOS = YES_AGGRESSIVE;
				GCC_WARN_UNUSED_FUNCTION = YES;
				GCC_WARN_UNUSED_VARIABLE = YES;
				IPHONEOS_DEPLOYMENT_TARGET = 10.0;
				MTL_ENABLE_DEBUG_INFO = NO;
				SDKROOT = iphoneos;
				SWIFT_OPTIMIZATION_LEVEL = "-Owholemodule";
				TARGETED_DEVICE_FAMILY = "1,2";
				VALIDATE_PRODUCT = YES;
			};
			name = Release;
		};
		93658FC51E0F9B4E00099CAB /* Debug */ = {
			isa = XCBuildConfiguration;
			baseConfigurationReference = 3A434A34CF07D050F4963095 /* Pods-BluetoothPresence.debug.xcconfig */;
			buildSettings = {
				ASSETCATALOG_COMPILER_APPICON_NAME = AppIcon;
				CLANG_ENABLE_MODULES = YES;
				DEVELOPMENT_TEAM = 2BB96LL2BX;
				INFOPLIST_FILE = BluetoothPresence/Info.plist;
				IPHONEOS_DEPLOYMENT_TARGET = 8.3;
				LD_RUNPATH_SEARCH_PATHS = "$(inherited) @executable_path/Frameworks";
				PRODUCT_BUNDLE_IDENTIFIER = com.github.bcattle.BluetoothPresence;
				PRODUCT_NAME = "$(TARGET_NAME)";
				SWIFT_OBJC_BRIDGING_HEADER = "BluetoothPresence/BluetoothPresence-Bridging-Header.h";
				SWIFT_OPTIMIZATION_LEVEL = "-Onone";
				SWIFT_VERSION = 3.0;
			};
			name = Debug;
		};
		93658FC61E0F9B4E00099CAB /* Release */ = {
			isa = XCBuildConfiguration;
			baseConfigurationReference = 9E37E775D58B4A0840141199 /* Pods-BluetoothPresence.release.xcconfig */;
			buildSettings = {
				ASSETCATALOG_COMPILER_APPICON_NAME = AppIcon;
				CLANG_ENABLE_MODULES = YES;
				DEVELOPMENT_TEAM = 2BB96LL2BX;
				INFOPLIST_FILE = BluetoothPresence/Info.plist;
				IPHONEOS_DEPLOYMENT_TARGET = 8.3;
				LD_RUNPATH_SEARCH_PATHS = "$(inherited) @executable_path/Frameworks";
				PRODUCT_BUNDLE_IDENTIFIER = com.github.bcattle.BluetoothPresence;
				PRODUCT_NAME = "$(TARGET_NAME)";
				SWIFT_OBJC_BRIDGING_HEADER = "BluetoothPresence/BluetoothPresence-Bridging-Header.h";
				SWIFT_VERSION = 3.0;
			};
			name = Release;
		};
/* End XCBuildConfiguration section */

/* Begin XCConfigurationList section */
		93658FAD1E0F9B4E00099CAB /* Build configuration list for PBXProject "BluetoothPresence" */ = {
			isa = XCConfigurationList;
			buildConfigurations = (
				93658FC21E0F9B4E00099CAB /* Debug */,
				93658FC31E0F9B4E00099CAB /* Release */,
			);
			defaultConfigurationIsVisible = 0;
			defaultConfigurationName = Release;
		};
		93658FC41E0F9B4E00099CAB /* Build configuration list for PBXNativeTarget "BluetoothPresence" */ = {
			isa = XCConfigurationList;
			buildConfigurations = (
				93658FC51E0F9B4E00099CAB /* Debug */,
				93658FC61E0F9B4E00099CAB /* Release */,
			);
			defaultConfigurationIsVisible = 0;
			defaultConfigurationName = Release;
		};
/* End XCConfigurationList section */
	};
	rootObject = 93658FAA1E0F9B4E00099CAB /* Project object */;
}
